
Microsoft Visual Studio Solution File, Format Version 12.00
# Visual Studio Version 17
VisualStudioVersion = 17.11.35017.193
MinimumVisualStudioVersion = 10.0.40219.1
Project("{FAE04EC0-301F-11D3-BF4B-00C04F79EFBC}") = "Bloxstrap.Builder", "Bloxstrap.Builder\Bloxstrap.Builder.csproj", "{97291C0C-A401-4867-A18D-E781979A92EF}"
EndProject
Global
	GlobalSection(SolutionConfigurationPlatforms) = preSolution
		Debug|Any CPU = Debug|Any CPU
		Release|Any CPU = Release|Any CPU
	EndGlobalSection
	GlobalSection(ProjectConfigurationPlatforms) = postSolution
		{97291C0C-A401-4867-A18D-E781979A92EF}.Debug|Any CPU.ActiveCfg = Debug|Any CPU
		{97291C0C-A401-4867-A18D-E781979A92EF}.Debug|Any CPU.Build.0 = Debug|Any CPU
		{97291C0C-A401-4867-A18D-E781979A92EF}.Release|Any CPU.ActiveCfg = Release|Any CPU
		{97291C0C-A401-4867-A18D-E781979A92EF}.Release|Any CPU.Build.0 = Release|Any CPU
	EndGlobalSection
	GlobalSection(SolutionProperties) = preSolution
		HideSolutionNode = FALSE
	EndGlobalSection
	GlobalSection(ExtensibilityGlobals) = postSolution
		SolutionGuid = {3C87C653-A3A6-4CE8-9362-84A8EE537B51}
	EndGlobalSection
EndGlobal
